// !$*UTF8*$!
{
	archiveVersion = 1;
	classes = {
	};
	objectVersion = 50;
	objects = {

/* Begin PBXBuildFile section */
		C20A5D7A25569928008BBF37 /* TimerAppENApp.swift in Sources */ = {isa = PBXBuildFile; fileRef = C20A5D7925569928008BBF37 /* TimerAppENApp.swift */; };
		C20A5D7C25569928008BBF37 /* ContentView.swift in Sources */ = {isa = PBXBuildFile; fileRef = C20A5D7B25569928008BBF37 /* ContentView.swift */; };
		C20A5D7E25569929008BBF37 /* Assets.xcassets in Resources */ = {isa = PBXBuildFile; fileRef = C20A5D7D25569929008BBF37 /* Assets.xcassets */; };
		C20A5D8125569929008BBF37 /* Preview Assets.xcassets in Resources */ = {isa = PBXBuildFile; fileRef = C20A5D8025569929008BBF37 /* Preview Assets.xcassets */; };
		C20A5D8C25569929008BBF37 /* TimerAppENTests.swift in Sources */ = {isa = PBXBuildFile; fileRef = C20A5D8B25569929008BBF37 /* TimerAppENTests.swift */; };
		C20A5D9725569929008BBF37 /* TimerAppENUITests.swift in Sources */ = {isa = PBXBuildFile; fileRef = C20A5D9625569929008BBF37 /* TimerAppENUITests.swift */; };
		C20A5DA825569959008BBF37 /* Helper.swift in Sources */ = {isa = PBXBuildFile; fileRef = C20A5DA725569959008BBF37 /* Helper.swift */; };
/* End PBXBuildFile section */

/* Begin PBXContainerItemProxy section */
		C20A5D8825569929008BBF37 /* PBXContainerItemProxy */ = {
			isa = PBXContainerItemProxy;
			containerPortal = C20A5D6E25569928008BBF37 /* Project object */;
			proxyType = 1;
			remoteGlobalIDString = C20A5D7525569928008BBF37;
			remoteInfo = TimerAppEN;
		};
		C20A5D9325569929008BBF37 /* PBXContainerItemProxy */ = {
			isa = PBXContainerItemProxy;
			containerPortal = C20A5D6E25569928008BBF37 /* Project object */;
			proxyType = 1;
			remoteGlobalIDString = C20A5D7525569928008BBF37;
			remoteInfo = TimerAppEN;
		};
/* End PBXContainerItemProxy section */

/* Begin PBXFileReference section */
		C20A5D7625569928008BBF37 /* TimerAppEN.app */ = {isa = PBXFileReference; explicitFileType = wrapper.application; includeInIndex = 0; path = TimerAppEN.app; sourceTree = BUILT_PRODUCTS_DIR; };
		C20A5D7925569928008BBF37 /* TimerAppENApp.swift */ = {isa = PBXFileReference; lastKnownFileType = sourcecode.swift; path = TimerAppENApp.swift; sourceTree = "<group>"; };
		C20A5D7B25569928008BBF37 /* ContentView.swift */ = {isa = PBXFileReference; lastKnownFileType = sourcecode.swift; path = ContentView.swift; sourceTree = "<group>"; };
		C20A5D7D25569929008BBF37 /* Assets.xcassets */ = {isa = PBXFileReference; lastKnownFileType = folder.assetcatalog; path = Assets.xcassets; sourceTree = "<group>"; };
		C20A5D8025569929008BBF37 /* Preview Assets.xcassets */ = {isa = PBXFileReference; lastKnownFileType = folder.assetcatalog; path = "Preview Assets.xcassets"; sourceTree = "<group>"; };
		C20A5D8225569929008BBF37 /* Info.plist */ = {isa = PBXFileReference; lastKnownFileType = text.plist.xml; path = Info.plist; sourceTree = "<group>"; };
		C20A5D8725569929008BBF37 /* TimerAppENTests.xctest */ = {isa = PBXFileReference; explicitFileType = wrapper.cfbundle; includeInIndex = 0; path = TimerAppENTests.xctest; sourceTree = BUILT_PRODUCTS_DIR; };
		C20A5D8B25569929008BBF37 /* TimerAppENTests.swift */ = {isa = PBXFileReference; lastKnownFileType = sourcecode.swift; path = TimerAppENTests.swift; sourceTree = "<group>"; };
		C20A5D8D25569929008BBF37 /* Info.plist */ = {isa = PBXFileReference; lastKnownFileType = text.plist.xml; path = Info.plist; sourceTree = "<group>"; };
		C20A5D9225569929008BBF37 /* TimerAppENUITests.xctest */ = {isa = PBXFileReference; explicitFileType = wrapper.cfbundle; includeInIndex = 0; path = TimerAppENUITests.xctest; sourceTree = BUILT_PRODUCTS_DIR; };
		C20A5D9625569929008BBF37 /* TimerAppENUITests.swift */ = {isa = PBXFileReference; lastKnownFileType = sourcecode.swift; path = TimerAppENUITests.swift; sourceTree = "<group>"; };
		C20A5D9825569929008BBF37 /* Info.plist */ = {isa = PBXFileReference; lastKnownFileType = text.plist.xml; path = Info.plist; sourceTree = "<group>"; };
		C20A5DA725569959008BBF37 /* Helper.swift */ = {isa = PBXFileReference; lastKnownFileType = sourcecode.swift; path = Helper.swift; sourceTree = "<group>"; };
/* End PBXFileReference section */

/* Begin PBXFrameworksBuildPhase section */
		C20A5D7325569928008BBF37 /* Frameworks */ = {
			isa = PBXFrameworksBuildPhase;
			buildActionMask = 2147483647;
			files = (
			);
			runOnlyForDeploymentPostprocessing = 0;
		};
		C20A5D8425569929008BBF37 /* Frameworks */ = {
			isa = PBXFrameworksBuildPhase;
			buildActionMask = 2147483647;
			files = (
			);
			runOnlyForDeploymentPostprocessing = 0;
		};
		C20A5D8F25569929008BBF37 /* Frameworks */ = {
			isa = PBXFrameworksBuildPhase;
			buildActionMask = 2147483647;
			files = (
			);
			runOnlyForDeploymentPostprocessing = 0;
		};
/* End PBXFrameworksBuildPhase section */

/* Begin PBXGroup section */
		C20A5D6D25569928008BBF37 = {
			isa = PBXGroup;
			children = (
				C20A5D7825569928008BBF37 /* TimerAppEN */,
				C20A5D8A25569929008BBF37 /* TimerAppENTests */,
				C20A5D9525569929008BBF37 /* TimerAppENUITests */,
				C20A5D7725569928008BBF37 /* Products */,
			);
			sourceTree = "<group>";
		};
		C20A5D7725569928008BBF37 /* Products */ = {
			isa = PBXGroup;
			children = (
				C20A5D7625569928008BBF37 /* TimerAppEN.app */,
				C20A5D8725569929008BBF37 /* TimerAppENTests.xctest */,
				C20A5D9225569929008BBF37 /* TimerAppENUITests.xctest */,
			);
			name = Products;
			sourceTree = "<group>";
		};
		C20A5D7825569928008BBF37 /* TimerAppEN */ = {
			isa = PBXGroup;
			children = (
				C20A5D7925569928008BBF37 /* TimerAppENApp.swift */,
				C20A5D7B25569928008BBF37 /* ContentView.swift */,
				C20A5DA725569959008BBF37 /* Helper.swift */,
				C20A5D7D25569929008BBF37 /* Assets.xcassets */,
				C20A5D8225569929008BBF37 /* Info.plist */,
				C20A5D7F25569929008BBF37 /* Preview Content */,
			);
			path = TimerAppEN;
			sourceTree = "<group>";
		};
		C20A5D7F25569929008BBF37 /* Preview Content */ = {
			isa = PBXGroup;
			children = (
				C20A5D8025569929008BBF37 /* Preview Assets.xcassets */,
			);
			path = "Preview Content";
			sourceTree = "<group>";
		};
		C20A5D8A25569929008BBF37 /* TimerAppENTests */ = {
			isa = PBXGroup;
			children = (
				C20A5D8B25569929008BBF37 /* TimerAppENTests.swift */,
				C20A5D8D25569929008BBF37 /* Info.plist */,
			);
			path = TimerAppENTests;
			sourceTree = "<group>";
		};
		C20A5D9525569929008BBF37 /* TimerAppENUITests */ = {
			isa = PBXGroup;
			children = (
				C20A5D9625569929008BBF37 /* TimerAppENUITests.swift */,
				C20A5D9825569929008BBF37 /* Info.plist */,
			);
			path = TimerAppENUITests;
			sourceTree = "<group>";
		};
/* End PBXGroup section */

/* Begin PBXNativeTarget section */
		C20A5D7525569928008BBF37 /* TimerAppEN */ = {
			isa = PBXNativeTarget;
			buildConfigurationList = C20A5D9B25569929008BBF37 /* Build configuration list for PBXNativeTarget "TimerAppEN" */;
			buildPhases = (
				C20A5D7225569928008BBF37 /* Sources */,
				C20A5D7325569928008BBF37 /* Frameworks */,
				C20A5D7425569928008BBF37 /* Resources */,
			);
			buildRules = (
			);
			dependencies = (
			);
			name = TimerAppEN;
			productName = TimerAppEN;
			productReference = C20A5D7625569928008BBF37 /* TimerAppEN.app */;
			productType = "com.apple.product-type.application";
		};
		C20A5D8625569929008BBF37 /* TimerAppENTests */ = {
			isa = PBXNativeTarget;
			buildConfigurationList = C20A5D9E25569929008BBF37 /* Build configuration list for PBXNativeTarget "TimerAppENTests" */;
			buildPhases = (
				C20A5D8325569929008BBF37 /* Sources */,
				C20A5D8425569929008BBF37 /* Frameworks */,
				C20A5D8525569929008BBF37 /* Resources */,
			);
			buildRules = (
			);
			dependencies = (
				C20A5D8925569929008BBF37 /* PBXTargetDependency */,
			);
			name = TimerAppENTests;
			productName = TimerAppENTests;
			productReference = C20A5D8725569929008BBF37 /* TimerAppENTests.xctest */;
			productType = "com.apple.product-type.bundle.unit-test";
		};
		C20A5D9125569929008BBF37 /* TimerAppENUITests */ = {
			isa = PBXNativeTarget;
			buildConfigurationList = C20A5DA125569929008BBF37 /* Build configuration list for PBXNativeTarget "TimerAppENUITests" */;
			buildPhases = (
				C20A5D8E25569929008BBF37 /* Sources */,
				C20A5D8F25569929008BBF37 /* Frameworks */,
				C20A5D9025569929008BBF37 /* Resources */,
			);
			buildRules = (
			);
			dependencies = (
				C20A5D9425569929008BBF37 /* PBXTargetDependency */,
			);
			name = TimerAppENUITests;
			productName = TimerAppENUITests;
			productReference = C20A5D9225569929008BBF37 /* TimerAppENUITests.xctest */;
			productType = "com.apple.product-type.bundle.ui-testing";
		};
/* End PBXNativeTarget section */

/* Begin PBXProject section */
		C20A5D6E25569928008BBF37 /* Project object */ = {
			isa = PBXProject;
			attributes = {
				LastSwiftUpdateCheck = 1210;
				LastUpgradeCheck = 1210;
				TargetAttributes = {
					C20A5D7525569928008BBF37 = {
						CreatedOnToolsVersion = 12.1;
					};
					C20A5D8625569929008BBF37 = {
						CreatedOnToolsVersion = 12.1;
						TestTargetID = C20A5D7525569928008BBF37;
					};
					C20A5D9125569929008BBF37 = {
						CreatedOnToolsVersion = 12.1;
						TestTargetID = C20A5D7525569928008BBF37;
					};
				};
			};
			buildConfigurationList = C20A5D7125569928008BBF37 /* Build configuration list for PBXProject "TimerAppEN" */;
			compatibilityVersion = "Xcode 9.3";
			developmentRegion = en;
			hasScannedForEncodings = 0;
			knownRegions = (
				en,
				Base,
			);
			mainGroup = C20A5D6D25569928008BBF37;
			productRefGroup = C20A5D7725569928008BBF37 /* Products */;
			projectDirPath = "";
			projectRoot = "";
			targets = (
				C20A5D7525569928008BBF37 /* TimerAppEN */,
				C20A5D8625569929008BBF37 /* TimerAppENTests */,
				C20A5D9125569929008BBF37 /* TimerAppENUITests */,
			);
		};
/* End PBXProject section */

/* Begin PBXResourcesBuildPhase section */
		C20A5D7425569928008BBF37 /* Resources */ = {
			isa = PBXResourcesBuildPhase;
			buildActionMask = 2147483647;
			files = (
				C20A5D8125569929008BBF37 /* Preview Assets.xcassets in Resources */,
				C20A5D7E25569929008BBF37 /* Assets.xcassets in Resources */,
			);
			runOnlyForDeploymentPostprocessing = 0;
		};
		C20A5D8525569929008BBF37 /* Resources */ = {
			isa = PBXResourcesBuildPhase;
			buildActionMask = 2147483647;
			files = (
			);
			runOnlyForDeploymentPostprocessing = 0;
		};
		C20A5D9025569929008BBF37 /* Resources */ = {
			isa = PBXResourcesBuildPhase;
			buildActionMask = 2147483647;
			files = (
			);
			runOnlyForDeploymentPostprocessing = 0;
		};
/* End PBXResourcesBuildPhase section */

/* Begin PBXSourcesBuildPhase section */
		C20A5D7225569928008BBF37 /* Sources */ = {
			isa = PBXSourcesBuildPhase;
			buildActionMask = 2147483647;
			files = (
				C20A5D7C25569928008BBF37 /* ContentView.swift in Sources */,
				C20A5D7A25569928008BBF37 /* TimerAppENApp.swift in Sources */,
				C20A5DA825569959008BBF37 /* Helper.swift in Sources */,
			);
			runOnlyForDeploymentPostprocessing = 0;
		};
		C20A5D8325569929008BBF37 /* Sources */ = {
			isa = PBXSourcesBuildPhase;
			buildActionMask = 2147483647;
			files = (
				C20A5D8C25569929008BBF37 /* TimerAppENTests.swift in Sources */,
			);
			runOnlyForDeploymentPostprocessing = 0;
		};
		C20A5D8E25569929008BBF37 /* Sources */ = {
			isa = PBXSourcesBuildPhase;
			buildActionMask = 2147483647;
			files = (
				C20A5D9725569929008BBF37 /* TimerAppENUITests.swift in Sources */,
			);
			runOnlyForDeploymentPostprocessing = 0;
		};
/* End PBXSourcesBuildPhase section */

/* Begin PBXTargetDependency section */
		C20A5D8925569929008BBF37 /* PBXTargetDependency */ = {
			isa = PBXTargetDependency;
			target = C20A5D7525569928008BBF37 /* TimerAppEN */;
			targetProxy = C20A5D8825569929008BBF37 /* PBXContainerItemProxy */;
		};
		C20A5D9425569929008BBF37 /* PBXTargetDependency */ = {
			isa = PBXTargetDependency;
			target = C20A5D7525569928008BBF37 /* TimerAppEN */;
			targetProxy = C20A5D9325569929008BBF37 /* PBXContainerItemProxy */;
		};
/* End PBXTargetDependency section */

/* Begin XCBuildConfiguration section */
		C20A5D9925569929008BBF37 /* Debug */ = {
			isa = XCBuildConfiguration;
			buildSettings = {
				ALWAYS_SEARCH_USER_PATHS = NO;
				CLANG_ANALYZER_NONNULL = YES;
				CLANG_ANALYZER_NUMBER_OBJECT_CONVERSION = YES_AGGRESSIVE;
				CLANG_CXX_LANGUAGE_STANDARD = "gnu++14";
				CLANG_CXX_LIBRARY = "libc++";
				CLANG_ENABLE_MODULES = YES;
				CLANG_ENABLE_OBJC_ARC = YES;
				CLANG_ENABLE_OBJC_WEAK = YES;
				CLANG_WARN_BLOCK_CAPTURE_AUTORELEASING = YES;
				CLANG_WARN_BOOL_CONVERSION = YES;
				CLANG_WARN_COMMA = YES;
				CLANG_WARN_CONSTANT_CONVERSION = YES;
				CLANG_WARN_DEPRECATED_OBJC_IMPLEMENTATIONS = YES;
				CLANG_WARN_DIRECT_OBJC_ISA_USAGE = YES_ERROR;
				CLANG_WARN_DOCUMENTATION_COMMENTS = YES;
				CLANG_WARN_EMPTY_BODY = YES;
				CLANG_WARN_ENUM_CONVERSION = YES;
				CLANG_WARN_INFINITE_RECURSION = YES;
				CLANG_WARN_INT_CONVERSION = YES;
				CLANG_WARN_NON_LITERAL_NULL_CONVERSION = YES;
				CLANG_WARN_OBJC_IMPLICIT_RETAIN_SELF = YES;
				CLANG_WARN_OBJC_LITERAL_CONVERSION = YES;
				CLANG_WARN_OBJC_ROOT_CLASS = YES_ERROR;
				CLANG_WARN_QUOTED_INCLUDE_IN_FRAMEWORK_HEADER = YES;
				CLANG_WARN_RANGE_LOOP_ANALYSIS = YES;
				CLANG_WARN_STRICT_PROTOTYPES = YES;
				CLANG_WARN_SUSPICIOUS_MOVE = YES;
				CLANG_WARN_UNGUARDED_AVAILABILITY = YES_AGGRESSIVE;
				CLANG_WARN_UNREACHABLE_CODE = YES;
				CLANG_WARN__DUPLICATE_METHOD_MATCH = YES;
				COPY_PHASE_STRIP = NO;
				DEBUG_INFORMATION_FORMAT = dwarf;
				ENABLE_STRICT_OBJC_MSGSEND = YES;
				ENABLE_TESTABILITY = YES;
				GCC_C_LANGUAGE_STANDARD = gnu11;
				GCC_DYNAMIC_NO_PIC = NO;
				GCC_NO_COMMON_BLOCKS = YES;
				GCC_OPTIMIZATION_LEVEL = 0;
				GCC_PREPROCESSOR_DEFINITIONS = (
					"DEBUG=1",
					"$(inherited)",
				);
				GCC_WARN_64_TO_32_BIT_CONVERSION = YES;
				GCC_WARN_ABOUT_RETURN_TYPE = YES_ERROR;
				GCC_WARN_UNDECLARED_SELECTOR = YES;
				GCC_WARN_UNINITIALIZED_AUTOS = YES_AGGRESSIVE;
				GCC_WARN_UNUSED_FUNCTION = YES;
				GCC_WARN_UNUSED_VARIABLE = YES;
				IPHONEOS_DEPLOYMENT_TARGET = 14.1;
				MTL_ENABLE_DEBUG_INFO = INCLUDE_SOURCE;
				MTL_FAST_MATH = YES;
				ONLY_ACTIVE_ARCH = YES;
				SDKROOT = iphoneos;
				SWIFT_ACTIVE_COMPILATION_CONDITIONS = DEBUG;
				SWIFT_OPTIMIZATION_LEVEL = "-Onone";
			};
			name = Debug;
		};
		C20A5D9A25569929008BBF37 /* Release */ = {
			isa = XCBuildConfiguration;
			buildSettings = {
				ALWAYS_SEARCH_USER_PATHS = NO;
				CLANG_ANALYZER_NONNULL = YES;
				CLANG_ANALYZER_NUMBER_OBJECT_CONVERSION = YES_AGGRESSIVE;
				CLANG_CXX_LANGUAGE_STANDARD = "gnu++14";
				CLANG_CXX_LIBRARY = "libc++";
				CLANG_ENABLE_MODULES = YES;
				CLANG_ENABLE_OBJC_ARC = YES;
				CLANG_ENABLE_OBJC_WEAK = YES;
				CLANG_WARN_BLOCK_CAPTURE_AUTORELEASING = YES;
				CLANG_WARN_BOOL_CONVERSION = YES;
				CLANG_WARN_COMMA = YES;
				CLANG_WARN_CONSTANT_CONVERSION = YES;
				CLANG_WARN_DEPRECATED_OBJC_IMPLEMENTATIONS = YES;
				CLANG_WARN_DIRECT_OBJC_ISA_USAGE = YES_ERROR;
				CLANG_WARN_DOCUMENTATION_COMMENTS = YES;
				CLANG_WARN_EMPTY_BODY = YES;
				CLANG_WARN_ENUM_CONVERSION = YES;
				CLANG_WARN_INFINITE_RECURSION = YES;
				CLANG_WARN_INT_CONVERSION = YES;
				CLANG_WARN_NON_LITERAL_NULL_CONVERSION = YES;
				CLANG_WARN_OBJC_IMPLICIT_RETAIN_SELF = YES;
				CLANG_WARN_OBJC_LITERAL_CONVERSION = YES;
				CLANG_WARN_OBJC_ROOT_CLASS = YES_ERROR;
				CLANG_WARN_QUOTED_INCLUDE_IN_FRAMEWORK_HEADER = YES;
				CLANG_WARN_RANGE_LOOP_ANALYSIS = YES;
				CLANG_WARN_STRICT_PROTOTYPES = YES;
				CLANG_WARN_SUSPICIOUS_MOVE = YES;
				CLANG_WARN_UNGUARDED_AVAILABILITY = YES_AGGRESSIVE;
				CLANG_WARN_UNREACHABLE_CODE = YES;
				CLANG_WARN__DUPLICATE_METHOD_MATCH = YES;
				COPY_PHASE_STRIP = NO;
				DEBUG_INFORMATION_FORMAT = "dwarf-with-dsym";
				ENABLE_NS_ASSERTIONS = NO;
				ENABLE_STRICT_OBJC_MSGSEND = YES;
				GCC_C_LANGUAGE_STANDARD = gnu11;
				GCC_NO_COMMON_BLOCKS = YES;
				GCC_WARN_64_TO_32_BIT_CONVERSION = YES;
				GCC_WARN_ABOUT_RETURN_TYPE = YES_ERROR;
				GCC_WARN_UNDECLARED_SELECTOR = YES;
				GCC_WARN_UNINITIALIZED_AUTOS = YES_AGGRESSIVE;
				GCC_WARN_UNUSED_FUNCTION = YES;
				GCC_WARN_UNUSED_VARIABLE = YES;
				IPHONEOS_DEPLOYMENT_TARGET = 14.1;
				MTL_ENABLE_DEBUG_INFO = NO;
				MTL_FAST_MATH = YES;
				SDKROOT = iphoneos;
				SWIFT_COMPILATION_MODE = wholemodule;
				SWIFT_OPTIMIZATION_LEVEL = "-O";
				VALIDATE_PRODUCT = YES;
			};
			name = Release;
		};
		C20A5D9C25569929008BBF37 /* Debug */ = {
			isa = XCBuildConfiguration;
			buildSettings = {
				ASSETCATALOG_COMPILER_APPICON_NAME = AppIcon;
				ASSETCATALOG_COMPILER_GLOBAL_ACCENT_COLOR_NAME = AccentColor;
				CODE_SIGN_STYLE = Automatic;
				DEVELOPMENT_ASSET_PATHS = "\"TimerAppEN/Preview Content\"";
				DEVELOPMENT_TEAM = 22M42HXQYR;
				ENABLE_PREVIEWS = YES;
				INFOPLIST_FILE = TimerAppEN/Info.plist;
				IPHONEOS_DEPLOYMENT_TARGET = 14.0;
				LD_RUNPATH_SEARCH_PATHS = (
					"$(inherited)",
					"@executable_path/Frameworks",
				);
				PRODUCT_BUNDLE_IDENTIFIER = RyujiGanaha.TimerAppEN;
				PRODUCT_NAME = "$(TARGET_NAME)";
				SWIFT_VERSION = 5.0;
				TARGETED_DEVICE_FAMILY = "1,2";
			};
			name = Debug;
		};
		C20A5D9D25569929008BBF37 /* Release */ = {
			isa = XCBuildConfiguration;
			buildSettings = {
				ASSETCATALOG_COMPILER_APPICON_NAME = AppIcon;
				ASSETCATALOG_COMPILER_GLOBAL_ACCENT_COLOR_NAME = AccentColor;
				CODE_SIGN_STYLE = Automatic;
				DEVELOPMENT_ASSET_PATHS = "\"TimerAppEN/Preview Content\"";
				DEVELOPMENT_TEAM = 22M42HXQYR;
				ENABLE_PREVIEWS = YES;
				INFOPLIST_FILE = TimerAppEN/Info.plist;
				IPHONEOS_DEPLOYMENT_TARGET = 14.0;
				LD_RUNPATH_SEARCH_PATHS = (
					"$(inherited)",
					"@executable_path/Frameworks",
				);
				PRODUCT_BUNDLE_IDENTIFIER = RyujiGanaha.TimerAppEN;
				PRODUCT_NAME = "$(TARGET_NAME)";
				SWIFT_VERSION = 5.0;
				TARGETED_DEVICE_FAMILY = "1,2";
			};
			name = Release;
		};
		C20A5D9F25569929008BBF37 /* Debug */ = {
			isa = XCBuildConfiguration;
			buildSettings = {
				ALWAYS_EMBED_SWIFT_STANDARD_LIBRARIES = YES;
				BUNDLE_LOADER = "$(TEST_HOST)";
				CODE_SIGN_STYLE = Automatic;
				DEVELOPMENT_TEAM = 22M42HXQYR;
				INFOPLIST_FILE = TimerAppENTests/Info.plist;
				IPHONEOS_DEPLOYMENT_TARGET = 14.0;
				LD_RUNPATH_SEARCH_PATHS = (
					"$(inherited)",
					"@executable_path/Frameworks",
					"@loader_path/Frameworks",
				);
				PRODUCT_BUNDLE_IDENTIFIER = RyujiGanaha.TimerAppENTests;
				PRODUCT_NAME = "$(TARGET_NAME)";
				SWIFT_VERSION = 5.0;
				TARGETED_DEVICE_FAMILY = "1,2";
				TEST_HOST = "$(BUILT_PRODUCTS_DIR)/TimerAppEN.app/TimerAppEN";
			};
			name = Debug;
		};
		C20A5DA025569929008BBF37 /* Release */ = {
			isa = XCBuildConfiguration;
			buildSettings = {
				ALWAYS_EMBED_SWIFT_STANDARD_LIBRARIES = YES;
				BUNDLE_LOADER = "$(TEST_HOST)";
				CODE_SIGN_STYLE = Automatic;
				DEVELOPMENT_TEAM = 22M42HXQYR;
				INFOPLIST_FILE = TimerAppENTests/Info.plist;
				IPHONEOS_DEPLOYMENT_TARGET = 14.0;
				LD_RUNPATH_SEARCH_PATHS = (
					"$(inherited)",
					"@executable_path/Frameworks",
					"@loader_path/Frameworks",
				);
				PRODUCT_BUNDLE_IDENTIFIER = RyujiGanaha.TimerAppENTests;
				PRODUCT_NAME = "$(TARGET_NAME)";
				SWIFT_VERSION = 5.0;
				TARGETED_DEVICE_FAMILY = "1,2";
				TEST_HOST = "$(BUILT_PRODUCTS_DIR)/TimerAppEN.app/TimerAppEN";
			};
			name = Release;
		};
		C20A5DA225569929008BBF37 /* Debug */ = {
			isa = XCBuildConfiguration;
			buildSettings = {
				ALWAYS_EMBED_SWIFT_STANDARD_LIBRARIES = YES;
				CODE_SIGN_STYLE = Automatic;
				DEVELOPMENT_TEAM = 22M42HXQYR;
				INFOPLIST_FILE = TimerAppENUITests/Info.plist;
				LD_RUNPATH_SEARCH_PATHS = (
					"$(inherited)",
					"@executable_path/Frameworks",
					"@loader_path/Frameworks",
				);
				PRODUCT_BUNDLE_IDENTIFIER = RyujiGanaha.TimerAppENUITests;
				PRODUCT_NAME = "$(TARGET_NAME)";
				SWIFT_VERSION = 5.0;
				TARGETED_DEVICE_FAMILY = "1,2";
				TEST_TARGET_NAME = TimerAppEN;
			};
			name = Debug;
		};
		C20A5DA325569929008BBF37 /* Release */ = {
			isa = XCBuildConfiguration;
			buildSettings = {
				ALWAYS_EMBED_SWIFT_STANDARD_LIBRARIES = YES;
				CODE_SIGN_STYLE = Automatic;
				DEVELOPMENT_TEAM = 22M42HXQYR;
				INFOPLIST_FILE = TimerAppENUITests/Info.plist;
				LD_RUNPATH_SEARCH_PATHS = (
					"$(inherited)",
					"@executable_path/Frameworks",
					"@loader_path/Frameworks",
				);
				PRODUCT_BUNDLE_IDENTIFIER = RyujiGanaha.TimerAppENUITests;
				PRODUCT_NAME = "$(TARGET_NAME)";
				SWIFT_VERSION = 5.0;
				TARGETED_DEVICE_FAMILY = "1,2";
				TEST_TARGET_NAME = TimerAppEN;
			};
			name = Release;
		};
/* End XCBuildConfiguration section */

/* Begin XCConfigurationList section */
		C20A5D7125569928008BBF37 /* Build configuration list for PBXProject "TimerAppEN" */ = {
			isa = XCConfigurationList;
			buildConfigurations = (
				C20A5D9925569929008BBF37 /* Debug */,
				C20A5D9A25569929008BBF37 /* Release */,
			);
			defaultConfigurationIsVisible = 0;
			defaultConfigurationName = Release;
		};
		C20A5D9B25569929008BBF37 /* Build configuration list for PBXNativeTarget "TimerAppEN" */ = {
			isa = XCConfigurationList;
			buildConfigurations = (
				C20A5D9C25569929008BBF37 /* Debug */,
				C20A5D9D25569929008BBF37 /* Release */,
			);
			defaultConfigurationIsVisible = 0;
			defaultConfigurationName = Release;
		};
		C20A5D9E25569929008BBF37 /* Build configuration list for PBXNativeTarget "TimerAppENTests" */ = {
			isa = XCConfigurationList;
			buildConfigurations = (
				C20A5D9F25569929008BBF37 /* Debug */,
				C20A5DA025569929008BBF37 /* Release */,
			);
			defaultConfigurationIsVisible = 0;
			defaultConfigurationName = Release;
		};
		C20A5DA125569929008BBF37 /* Build configuration list for PBXNativeTarget "TimerAppENUITests" */ = {
			isa = XCConfigurationList;
			buildConfigurations = (
				C20A5DA225569929008BBF37 /* Debug */,
				C20A5DA325569929008BBF37 /* Release */,
			);
			defaultConfigurationIsVisible = 0;
			defaultConfigurationName = Release;
		};
/* End XCConfigurationList section */
	};
	rootObject = C20A5D6E25569928008BBF37 /* Project object */;
}
